// !$*UTF8*$!
{
	archiveVersion = 1;
	classes = {
	};
	objectVersion = 46;
	objects = {

/* Begin PBXBuildFile section */
		ACC7A8451E7AD66800D4FBAF /* AppDelegate.swift in Sources */ = {isa = PBXBuildFile; fileRef = ACC7A8441E7AD66800D4FBAF /* AppDelegate.swift */; };
		ACC7A8471E7AD66800D4FBAF /* ViewController.swift in Sources */ = {isa = PBXBuildFile; fileRef = ACC7A8461E7AD66800D4FBAF /* ViewController.swift */; };
		ACC7A84A1E7AD66800D4FBAF /* Main.storyboard in Resources */ = {isa = PBXBuildFile; fileRef = ACC7A8481E7AD66800D4FBAF /* Main.storyboard */; };
		ACC7A84D1E7AD66800D4FBAF /* JSON.xcdatamodeld in Sources */ = {isa = PBXBuildFile; fileRef = ACC7A84B1E7AD66800D4FBAF /* JSON.xcdatamodeld */; };
		ACC7A84F1E7AD66800D4FBAF /* Assets.xcassets in Resources */ = {isa = PBXBuildFile; fileRef = ACC7A84E1E7AD66800D4FBAF /* Assets.xcassets */; };
		ACC7A8521E7AD66800D4FBAF /* LaunchScreen.storyboard in Resources */ = {isa = PBXBuildFile; fileRef = ACC7A8501E7AD66800D4FBAF /* LaunchScreen.storyboard */; };
		ACC7A85D1E7AD66800D4FBAF /* JSONTests.swift in Sources */ = {isa = PBXBuildFile; fileRef = ACC7A85C1E7AD66800D4FBAF /* JSONTests.swift */; };
		ACC7A8681E7AD66800D4FBAF /* JSONUITests.swift in Sources */ = {isa = PBXBuildFile; fileRef = ACC7A8671E7AD66800D4FBAF /* JSONUITests.swift */; };
		ACCD2D111E7C27BF00F1DFAF /* response.swift in Sources */ = {isa = PBXBuildFile; fileRef = ACCD2D101E7C27BF00F1DFAF /* response.swift */; };
		ACD3208E1E82840400019AA2 /* SpekViewController.swift in Sources */ = {isa = PBXBuildFile; fileRef = ACD3208D1E82840400019AA2 /* SpekViewController.swift */; };
/* End PBXBuildFile section */

/* Begin PBXContainerItemProxy section */
		ACC7A8591E7AD66800D4FBAF /* PBXContainerItemProxy */ = {
			isa = PBXContainerItemProxy;
			containerPortal = ACC7A8391E7AD66700D4FBAF /* Project object */;
			proxyType = 1;
			remoteGlobalIDString = ACC7A8401E7AD66700D4FBAF;
			remoteInfo = JSON;
		};
		ACC7A8641E7AD66800D4FBAF /* PBXContainerItemProxy */ = {
			isa = PBXContainerItemProxy;
			containerPortal = ACC7A8391E7AD66700D4FBAF /* Project object */;
			proxyType = 1;
			remoteGlobalIDString = ACC7A8401E7AD66700D4FBAF;
			remoteInfo = JSON;
		};
/* End PBXContainerItemProxy section */

/* Begin PBXFileReference section */
		ACC7A8411E7AD66800D4FBAF /* JSON.app */ = {isa = PBXFileReference; explicitFileType = wrapper.application; includeInIndex = 0; path = JSON.app; sourceTree = BUILT_PRODUCTS_DIR; };
		ACC7A8441E7AD66800D4FBAF /* AppDelegate.swift */ = {isa = PBXFileReference; lastKnownFileType = sourcecode.swift; path = AppDelegate.swift; sourceTree = "<group>"; };
		ACC7A8461E7AD66800D4FBAF /* ViewController.swift */ = {isa = PBXFileReference; lastKnownFileType = sourcecode.swift; path = ViewController.swift; sourceTree = "<group>"; };
		ACC7A8491E7AD66800D4FBAF /* Base */ = {isa = PBXFileReference; lastKnownFileType = file.storyboard; name = Base; path = Base.lproj/Main.storyboard; sourceTree = "<group>"; };
		ACC7A84C1E7AD66800D4FBAF /* JSON.xcdatamodel */ = {isa = PBXFileReference; lastKnownFileType = wrapper.xcdatamodel; path = JSON.xcdatamodel; sourceTree = "<group>"; };
		ACC7A84E1E7AD66800D4FBAF /* Assets.xcassets */ = {isa = PBXFileReference; lastKnownFileType = folder.assetcatalog; path = Assets.xcassets; sourceTree = "<group>"; };
		ACC7A8511E7AD66800D4FBAF /* Base */ = {isa = PBXFileReference; lastKnownFileType = file.storyboard; name = Base; path = Base.lproj/LaunchScreen.storyboard; sourceTree = "<group>"; };
		ACC7A8531E7AD66800D4FBAF /* Info.plist */ = {isa = PBXFileReference; lastKnownFileType = text.plist.xml; path = Info.plist; sourceTree = "<group>"; };
		ACC7A8581E7AD66800D4FBAF /* JSONTests.xctest */ = {isa = PBXFileReference; explicitFileType = wrapper.cfbundle; includeInIndex = 0; path = JSONTests.xctest; sourceTree = BUILT_PRODUCTS_DIR; };
		ACC7A85C1E7AD66800D4FBAF /* JSONTests.swift */ = {isa = PBXFileReference; lastKnownFileType = sourcecode.swift; path = JSONTests.swift; sourceTree = "<group>"; };
		ACC7A85E1E7AD66800D4FBAF /* Info.plist */ = {isa = PBXFileReference; lastKnownFileType = text.plist.xml; path = Info.plist; sourceTree = "<group>"; };
		ACC7A8631E7AD66800D4FBAF /* JSONUITests.xctest */ = {isa = PBXFileReference; explicitFileType = wrapper.cfbundle; includeInIndex = 0; path = JSONUITests.xctest; sourceTree = BUILT_PRODUCTS_DIR; };
		ACC7A8671E7AD66800D4FBAF /* JSONUITests.swift */ = {isa = PBXFileReference; lastKnownFileType = sourcecode.swift; path = JSONUITests.swift; sourceTree = "<group>"; };
		ACC7A8691E7AD66800D4FBAF /* Info.plist */ = {isa = PBXFileReference; lastKnownFileType = text.plist.xml; path = Info.plist; sourceTree = "<group>"; };
		ACCD2D101E7C27BF00F1DFAF /* response.swift */ = {isa = PBXFileReference; fileEncoding = 4; lastKnownFileType = sourcecode.swift; path = response.swift; sourceTree = "<group>"; };
		ACD3208D1E82840400019AA2 /* SpekViewController.swift */ = {isa = PBXFileReference; fileEncoding = 4; lastKnownFileType = sourcecode.swift; path = SpekViewController.swift; sourceTree = "<group>"; };
/* End PBXFileReference section */

/* Begin PBXFrameworksBuildPhase section */
		ACC7A83E1E7AD66700D4FBAF /* Frameworks */ = {
			isa = PBXFrameworksBuildPhase;
			buildActionMask = 2147483647;
			files = (
			);
			runOnlyForDeploymentPostprocessing = 0;
		};
		ACC7A8551E7AD66800D4FBAF /* Frameworks */ = {
			isa = PBXFrameworksBuildPhase;
			buildActionMask = 2147483647;
			files = (
			);
			runOnlyForDeploymentPostprocessing = 0;
		};
		ACC7A8601E7AD66800D4FBAF /* Frameworks */ = {
			isa = PBXFrameworksBuildPhase;
			buildActionMask = 2147483647;
			files = (
			);
			runOnlyForDeploymentPostprocessing = 0;
		};
/* End PBXFrameworksBuildPhase section */

/* Begin PBXGroup section */
		ACC7A8381E7AD66700D4FBAF = {
			isa = PBXGroup;
			children = (
				ACC7A8431E7AD66800D4FBAF /* JSON */,
				ACC7A85B1E7AD66800D4FBAF /* JSONTests */,
				ACC7A8661E7AD66800D4FBAF /* JSONUITests */,
				ACC7A8421E7AD66800D4FBAF /* Products */,
			);
			sourceTree = "<group>";
		};
		ACC7A8421E7AD66800D4FBAF /* Products */ = {
			isa = PBXGroup;
			children = (
				ACC7A8411E7AD66800D4FBAF /* JSON.app */,
				ACC7A8581E7AD66800D4FBAF /* JSONTests.xctest */,
				ACC7A8631E7AD66800D4FBAF /* JSONUITests.xctest */,
			);
			name = Products;
			sourceTree = "<group>";
		};
		ACC7A8431E7AD66800D4FBAF /* JSON */ = {
			isa = PBXGroup;
			children = (
				ACC7A8441E7AD66800D4FBAF /* AppDelegate.swift */,
				ACC7A8461E7AD66800D4FBAF /* ViewController.swift */,
				ACC7A8481E7AD66800D4FBAF /* Main.storyboard */,
				ACC7A84E1E7AD66800D4FBAF /* Assets.xcassets */,
				ACC7A8501E7AD66800D4FBAF /* LaunchScreen.storyboard */,
				ACC7A8531E7AD66800D4FBAF /* Info.plist */,
				ACC7A84B1E7AD66800D4FBAF /* JSON.xcdatamodeld */,
				ACCD2D101E7C27BF00F1DFAF /* response.swift */,
				ACD3208D1E82840400019AA2 /* SpekViewController.swift */,
			);
			path = JSON;
			sourceTree = "<group>";
		};
		ACC7A85B1E7AD66800D4FBAF /* JSONTests */ = {
			isa = PBXGroup;
			children = (
				ACC7A85C1E7AD66800D4FBAF /* JSONTests.swift */,
				ACC7A85E1E7AD66800D4FBAF /* Info.plist */,
			);
			path = JSONTests;
			sourceTree = "<group>";
		};
		ACC7A8661E7AD66800D4FBAF /* JSONUITests */ = {
			isa = PBXGroup;
			children = (
				ACC7A8671E7AD66800D4FBAF /* JSONUITests.swift */,
				ACC7A8691E7AD66800D4FBAF /* Info.plist */,
			);
			path = JSONUITests;
			sourceTree = "<group>";
		};
/* End PBXGroup section */

/* Begin PBXNativeTarget section */
		ACC7A8401E7AD66700D4FBAF /* JSON */ = {
			isa = PBXNativeTarget;
			buildConfigurationList = ACC7A86C1E7AD66800D4FBAF /* Build configuration list for PBXNativeTarget "JSON" */;
			buildPhases = (
				ACC7A83D1E7AD66700D4FBAF /* Sources */,
				ACC7A83E1E7AD66700D4FBAF /* Frameworks */,
				ACC7A83F1E7AD66700D4FBAF /* Resources */,
			);
			buildRules = (
			);
			dependencies = (
			);
			name = JSON;
			productName = JSON;
			productReference = ACC7A8411E7AD66800D4FBAF /* JSON.app */;
			productType = "com.apple.product-type.application";
		};
		ACC7A8571E7AD66800D4FBAF /* JSONTests */ = {
			isa = PBXNativeTarget;
			buildConfigurationList = ACC7A86F1E7AD66800D4FBAF /* Build configuration list for PBXNativeTarget "JSONTests" */;
			buildPhases = (
				ACC7A8541E7AD66800D4FBAF /* Sources */,
				ACC7A8551E7AD66800D4FBAF /* Frameworks */,
				ACC7A8561E7AD66800D4FBAF /* Resources */,
			);
			buildRules = (
			);
			dependencies = (
				ACC7A85A1E7AD66800D4FBAF /* PBXTargetDependency */,
			);
			name = JSONTests;
			productName = JSONTests;
			productReference = ACC7A8581E7AD66800D4FBAF /* JSONTests.xctest */;
			productType = "com.apple.product-type.bundle.unit-test";
		};
		ACC7A8621E7AD66800D4FBAF /* JSONUITests */ = {
			isa = PBXNativeTarget;
			buildConfigurationList = ACC7A8721E7AD66800D4FBAF /* Build configuration list for PBXNativeTarget "JSONUITests" */;
			buildPhases = (
				ACC7A85F1E7AD66800D4FBAF /* Sources */,
				ACC7A8601E7AD66800D4FBAF /* Frameworks */,
				ACC7A8611E7AD66800D4FBAF /* Resources */,
			);
			buildRules = (
			);
			dependencies = (
				ACC7A8651E7AD66800D4FBAF /* PBXTargetDependency */,
			);
			name = JSONUITests;
			productName = JSONUITests;
			productReference = ACC7A8631E7AD66800D4FBAF /* JSONUITests.xctest */;
			productType = "com.apple.product-type.bundle.ui-testing";
		};
/* End PBXNativeTarget section */

/* Begin PBXProject section */
		ACC7A8391E7AD66700D4FBAF /* Project object */ = {
			isa = PBXProject;
			attributes = {
				LastSwiftUpdateCheck = 0820;
				LastUpgradeCheck = 0820;
				ORGANIZATIONNAME = "Stefan Djordjevic";
				TargetAttributes = {
					ACC7A8401E7AD66700D4FBAF = {
						CreatedOnToolsVersion = 8.2.1;
						ProvisioningStyle = Automatic;
					};
					ACC7A8571E7AD66800D4FBAF = {
						CreatedOnToolsVersion = 8.2.1;
						ProvisioningStyle = Automatic;
						TestTargetID = ACC7A8401E7AD66700D4FBAF;
					};
					ACC7A8621E7AD66800D4FBAF = {
						CreatedOnToolsVersion = 8.2.1;
						ProvisioningStyle = Automatic;
						TestTargetID = ACC7A8401E7AD66700D4FBAF;
					};
				};
			};
			buildConfigurationList = ACC7A83C1E7AD66700D4FBAF /* Build configuration list for PBXProject "JSON" */;
			compatibilityVersion = "Xcode 3.2";
			developmentRegion = English;
			hasScannedForEncodings = 0;
			knownRegions = (
				en,
				Base,
			);
			mainGroup = ACC7A8381E7AD66700D4FBAF;
			productRefGroup = ACC7A8421E7AD66800D4FBAF /* Products */;
			projectDirPath = "";
			projectRoot = "";
			targets = (
				ACC7A8401E7AD66700D4FBAF /* JSON */,
				ACC7A8571E7AD66800D4FBAF /* JSONTests */,
				ACC7A8621E7AD66800D4FBAF /* JSONUITests */,
			);
		};
/* End PBXProject section */

/* Begin PBXResourcesBuildPhase section */
		ACC7A83F1E7AD66700D4FBAF /* Resources */ = {
			isa = PBXResourcesBuildPhase;
			buildActionMask = 2147483647;
			files = (
				ACC7A8521E7AD66800D4FBAF /* LaunchScreen.storyboard in Resources */,
				ACC7A84F1E7AD66800D4FBAF /* Assets.xcassets in Resources */,
				ACC7A84A1E7AD66800D4FBAF /* Main.storyboard in Resources */,
			);
			runOnlyForDeploymentPostprocessing = 0;
		};
		ACC7A8561E7AD66800D4FBAF /* Resources */ = {
			isa = PBXResourcesBuildPhase;
			buildActionMask = 2147483647;
			files = (
			);
			runOnlyForDeploymentPostprocessing = 0;
		};
		ACC7A8611E7AD66800D4FBAF /* Resources */ = {
			isa = PBXResourcesBuildPhase;
			buildActionMask = 2147483647;
			files = (
			);
			runOnlyForDeploymentPostprocessing = 0;
		};
/* End PBXResourcesBuildPhase section */

/* Begin PBXSourcesBuildPhase section */
		ACC7A83D1E7AD66700D4FBAF /* Sources */ = {
			isa = PBXSourcesBuildPhase;
			buildActionMask = 2147483647;
			files = (
				ACCD2D111E7C27BF00F1DFAF /* response.swift in Sources */,
				ACC7A8471E7AD66800D4FBAF /* ViewController.swift in Sources */,
				ACC7A84D1E7AD66800D4FBAF /* JSON.xcdatamodeld in Sources */,
				ACD3208E1E82840400019AA2 /* SpekViewController.swift in Sources */,
				ACC7A8451E7AD66800D4FBAF /* AppDelegate.swift in Sources */,
			);
			runOnlyForDeploymentPostprocessing = 0;
		};
		ACC7A8541E7AD66800D4FBAF /* Sources */ = {
			isa = PBXSourcesBuildPhase;
			buildActionMask = 2147483647;
			files = (
				ACC7A85D1E7AD66800D4FBAF /* JSONTests.swift in Sources */,
			);
			runOnlyForDeploymentPostprocessing = 0;
		};
		ACC7A85F1E7AD66800D4FBAF /* Sources */ = {
			isa = PBXSourcesBuildPhase;
			buildActionMask = 2147483647;
			files = (
				ACC7A8681E7AD66800D4FBAF /* JSONUITests.swift in Sources */,
			);
			runOnlyForDeploymentPostprocessing = 0;
		};
/* End PBXSourcesBuildPhase section */

/* Begin PBXTargetDependency section */
		ACC7A85A1E7AD66800D4FBAF /* PBXTargetDependency */ = {
			isa = PBXTargetDependency;
			target = ACC7A8401E7AD66700D4FBAF /* JSON */;
			targetProxy = ACC7A8591E7AD66800D4FBAF /* PBXContainerItemProxy */;
		};
		ACC7A8651E7AD66800D4FBAF /* PBXTargetDependency */ = {
			isa = PBXTargetDependency;
			target = ACC7A8401E7AD66700D4FBAF /* JSON */;
			targetProxy = ACC7A8641E7AD66800D4FBAF /* PBXContainerItemProxy */;
		};
/* End PBXTargetDependency section */

/* Begin PBXVariantGroup section */
		ACC7A8481E7AD66800D4FBAF /* Main.storyboard */ = {
			isa = PBXVariantGroup;
			children = (
				ACC7A8491E7AD66800D4FBAF /* Base */,
			);
			name = Main.storyboard;
			sourceTree = "<group>";
		};
		ACC7A8501E7AD66800D4FBAF /* LaunchScreen.storyboard */ = {
			isa = PBXVariantGroup;
			children = (
				ACC7A8511E7AD66800D4FBAF /* Base */,
			);
			name = LaunchScreen.storyboard;
			sourceTree = "<group>";
		};
/* End PBXVariantGroup section */

/* Begin XCBuildConfiguration section */
		ACC7A86A1E7AD66800D4FBAF /* Debug */ = {
			isa = XCBuildConfiguration;
			buildSettings = {
				ALWAYS_SEARCH_USER_PATHS = NO;
				CLANG_ANALYZER_NONNULL = YES;
				CLANG_CXX_LANGUAGE_STANDARD = "gnu++0x";
				CLANG_CXX_LIBRARY = "libc++";
				CLANG_ENABLE_MODULES = YES;
				CLANG_ENABLE_OBJC_ARC = YES;
				CLANG_WARN_BOOL_CONVERSION = YES;
				CLANG_WARN_CONSTANT_CONVERSION = YES;
				CLANG_WARN_DIRECT_OBJC_ISA_USAGE = YES_ERROR;
				CLANG_WARN_DOCUMENTATION_COMMENTS = YES;
				CLANG_WARN_EMPTY_BODY = YES;
				CLANG_WARN_ENUM_CONVERSION = YES;
				CLANG_WARN_INFINITE_RECURSION = YES;
				CLANG_WARN_INT_CONVERSION = YES;
				CLANG_WARN_OBJC_ROOT_CLASS = YES_ERROR;
				CLANG_WARN_SUSPICIOUS_MOVE = YES;
				CLANG_WARN_UNREACHABLE_CODE = YES;
				CLANG_WARN__DUPLICATE_METHOD_MATCH = YES;
				"CODE_SIGN_IDENTITY[sdk=iphoneos*]" = "iPhone Developer";
				COPY_PHASE_STRIP = NO;
				DEBUG_INFORMATION_FORMAT = dwarf;
				ENABLE_STRICT_OBJC_MSGSEND = YES;
				ENABLE_TESTABILITY = YES;
				GCC_C_LANGUAGE_STANDARD = gnu99;
				GCC_DYNAMIC_NO_PIC = NO;
				GCC_NO_COMMON_BLOCKS = YES;
				GCC_OPTIMIZATION_LEVEL = 0;
				GCC_PREPROCESSOR_DEFINITIONS = (
					"DEBUG=1",
					"$(inherited)",
				);
				GCC_WARN_64_TO_32_BIT_CONVERSION = YES;
				GCC_WARN_ABOUT_RETURN_TYPE = YES_ERROR;
				GCC_WARN_UNDECLARED_SELECTOR = YES;
				GCC_WARN_UNINITIALIZED_AUTOS = YES_AGGRESSIVE;
				GCC_WARN_UNUSED_FUNCTION = YES;
				GCC_WARN_UNUSED_VARIABLE = YES;
				IPHONEOS_DEPLOYMENT_TARGET = 10.2;
				MTL_ENABLE_DEBUG_INFO = YES;
				ONLY_ACTIVE_ARCH = YES;
				SDKROOT = iphoneos;
				SWIFT_ACTIVE_COMPILATION_CONDITIONS = DEBUG;
				SWIFT_OPTIMIZATION_LEVEL = "-Onone";
			};
			name = Debug;
		};
		ACC7A86B1E7AD66800D4FBAF /* Release */ = {
			isa = XCBuildConfiguration;
			buildSettings = {
				ALWAYS_SEARCH_USER_PATHS = NO;
				CLANG_ANALYZER_NONNULL = YES;
				CLANG_CXX_LANGUAGE_STANDARD = "gnu++0x";
				CLANG_CXX_LIBRARY = "libc++";
				CLANG_ENABLE_MODULES = YES;
				CLANG_ENABLE_OBJC_ARC = YES;
				CLANG_WARN_BOOL_CONVERSION = YES;
				CLANG_WARN_CONSTANT_CONVERSION = YES;
				CLANG_WARN_DIRECT_OBJC_ISA_USAGE = YES_ERROR;
				CLANG_WARN_DOCUMENTATION_COMMENTS = YES;
				CLANG_WARN_EMPTY_BODY = YES;
				CLANG_WARN_ENUM_CONVERSION = YES;
				CLANG_WARN_INFINITE_RECURSION = YES;
				CLANG_WARN_INT_CONVERSION = YES;
				CLANG_WARN_OBJC_ROOT_CLASS = YES_ERROR;
				CLANG_WARN_SUSPICIOUS_MOVE = YES;
				CLANG_WARN_UNREACHABLE_CODE = YES;
				CLANG_WARN__DUPLICATE_METHOD_MATCH = YES;
				"CODE_SIGN_IDENTITY[sdk=iphoneos*]" = "iPhone Developer";
				COPY_PHASE_STRIP = NO;
				DEBUG_INFORMATION_FORMAT = "dwarf-with-dsym";
				ENABLE_NS_ASSERTIONS = NO;
				ENABLE_STRICT_OBJC_MSGSEND = YES;
				GCC_C_LANGUAGE_STANDARD = gnu99;
				GCC_NO_COMMON_BLOCKS = YES;
				GCC_WARN_64_TO_32_BIT_CONVERSION = YES;
				GCC_WARN_ABOUT_RETURN_TYPE = YES_ERROR;
				GCC_WARN_UNDECLARED_SELECTOR = YES;
				GCC_WARN_UNINITIALIZED_AUTOS = YES_AGGRESSIVE;
				GCC_WARN_UNUSED_FUNCTION = YES;
				GCC_WARN_UNUSED_VARIABLE = YES;
				IPHONEOS_DEPLOYMENT_TARGET = 10.2;
				MTL_ENABLE_DEBUG_INFO = NO;
				SDKROOT = iphoneos;
				SWIFT_OPTIMIZATION_LEVEL = "-Owholemodule";
				VALIDATE_PRODUCT = YES;
			};
			name = Release;
		};
		ACC7A86D1E7AD66800D4FBAF /* Debug */ = {
			isa = XCBuildConfiguration;
			buildSettings = {
				ASSETCATALOG_COMPILER_APPICON_NAME = AppIcon;
				INFOPLIST_FILE = JSON/Info.plist;
				LD_RUNPATH_SEARCH_PATHS = "$(inherited) @executable_path/Frameworks";
				PRODUCT_BUNDLE_IDENTIFIER = baki.JSON;
				PRODUCT_NAME = "$(TARGET_NAME)";
				SWIFT_VERSION = 3.0;
			};
			name = Debug;
		};
		ACC7A86E1E7AD66800D4FBAF /* Release */ = {
			isa = XCBuildConfiguration;
			buildSettings = {
				ASSETCATALOG_COMPILER_APPICON_NAME = AppIcon;
				INFOPLIST_FILE = JSON/Info.plist;
				LD_RUNPATH_SEARCH_PATHS = "$(inherited) @executable_path/Frameworks";
				PRODUCT_BUNDLE_IDENTIFIER = baki.JSON;
				PRODUCT_NAME = "$(TARGET_NAME)";
				SWIFT_VERSION = 3.0;
			};
			name = Release;
		};
		ACC7A8701E7AD66800D4FBAF /* Debug */ = {
			isa = XCBuildConfiguration;
			buildSettings = {
				ALWAYS_EMBED_SWIFT_STANDARD_LIBRARIES = YES;
				BUNDLE_LOADER = "$(TEST_HOST)";
				INFOPLIST_FILE = JSONTests/Info.plist;
				LD_RUNPATH_SEARCH_PATHS = "$(inherited) @executable_path/Frameworks @loader_path/Frameworks";
				PRODUCT_BUNDLE_IDENTIFIER = baki.JSONTests;
				PRODUCT_NAME = "$(TARGET_NAME)";
				SWIFT_VERSION = 3.0;
				TEST_HOST = "$(BUILT_PRODUCTS_DIR)/JSON.app/JSON";
			};
			name = Debug;
		};
		ACC7A8711E7AD66800D4FBAF /* Release */ = {
			isa = XCBuildConfiguration;
			buildSettings = {
				ALWAYS_EMBED_SWIFT_STANDARD_LIBRARIES = YES;
				BUNDLE_LOADER = "$(TEST_HOST)";
				INFOPLIST_FILE = JSONTests/Info.plist;
				LD_RUNPATH_SEARCH_PATHS = "$(inherited) @executable_path/Frameworks @loader_path/Frameworks";
				PRODUCT_BUNDLE_IDENTIFIER = baki.JSONTests;
				PRODUCT_NAME = "$(TARGET_NAME)";
				SWIFT_VERSION = 3.0;
				TEST_HOST = "$(BUILT_PRODUCTS_DIR)/JSON.app/JSON";
			};
			name = Release;
		};
		ACC7A8731E7AD66800D4FBAF /* Debug */ = {
			isa = XCBuildConfiguration;
			buildSettings = {
				ALWAYS_EMBED_SWIFT_STANDARD_LIBRARIES = YES;
				INFOPLIST_FILE = JSONUITests/Info.plist;
				LD_RUNPATH_SEARCH_PATHS = "$(inherited) @executable_path/Frameworks @loader_path/Frameworks";
				PRODUCT_BUNDLE_IDENTIFIER = baki.JSONUITests;
				PRODUCT_NAME = "$(TARGET_NAME)";
				SWIFT_VERSION = 3.0;
				TEST_TARGET_NAME = JSON;
			};
			name = Debug;
		};
		ACC7A8741E7AD66800D4FBAF /* Release */ = {
			isa = XCBuildConfiguration;
			buildSettings = {
				ALWAYS_EMBED_SWIFT_STANDARD_LIBRARIES = YES;
				INFOPLIST_FILE = JSONUITests/Info.plist;
				LD_RUNPATH_SEARCH_PATHS = "$(inherited) @executable_path/Frameworks @loader_path/Frameworks";
				PRODUCT_BUNDLE_IDENTIFIER = baki.JSONUITests;
				PRODUCT_NAME = "$(TARGET_NAME)";
				SWIFT_VERSION = 3.0;
				TEST_TARGET_NAME = JSON;
			};
			name = Release;
		};
/* End XCBuildConfiguration section */

/* Begin XCConfigurationList section */
		ACC7A83C1E7AD66700D4FBAF /* Build configuration list for PBXProject "JSON" */ = {
			isa = XCConfigurationList;
			buildConfigurations = (
				ACC7A86A1E7AD66800D4FBAF /* Debug */,
				ACC7A86B1E7AD66800D4FBAF /* Release */,
			);
			defaultConfigurationIsVisible = 0;
			defaultConfigurationName = Release;
		};
		ACC7A86C1E7AD66800D4FBAF /* Build configuration list for PBXNativeTarget "JSON" */ = {
			isa = XCConfigurationList;
			buildConfigurations = (
				ACC7A86D1E7AD66800D4FBAF /* Debug */,
				ACC7A86E1E7AD66800D4FBAF /* Release */,
			);
			defaultConfigurationIsVisible = 0;
			defaultConfigurationName = Release;
		};
		ACC7A86F1E7AD66800D4FBAF /* Build configuration list for PBXNativeTarget "JSONTests" */ = {
			isa = XCConfigurationList;
			buildConfigurations = (
				ACC7A8701E7AD66800D4FBAF /* Debug */,
				ACC7A8711E7AD66800D4FBAF /* Release */,
			);
			defaultConfigurationIsVisible = 0;
			defaultConfigurationName = Release;
		};
		ACC7A8721E7AD66800D4FBAF /* Build configuration list for PBXNativeTarget "JSONUITests" */ = {
			isa = XCConfigurationList;
			buildConfigurations = (
				ACC7A8731E7AD66800D4FBAF /* Debug */,
				ACC7A8741E7AD66800D4FBAF /* Release */,
			);
			defaultConfigurationIsVisible = 0;
			defaultConfigurationName = Release;
		};
/* End XCConfigurationList section */

/* Begin XCVersionGroup section */
		ACC7A84B1E7AD66800D4FBAF /* JSON.xcdatamodeld */ = {
			isa = XCVersionGroup;
			children = (
				ACC7A84C1E7AD66800D4FBAF /* JSON.xcdatamodel */,
			);
			currentVersion = ACC7A84C1E7AD66800D4FBAF /* JSON.xcdatamodel */;
			path = JSON.xcdatamodeld;
			sourceTree = "<group>";
			versionGroupType = wrapper.xcdatamodel;
		};
/* End XCVersionGroup section */
	};
	rootObject = ACC7A8391E7AD66700D4FBAF /* Project object */;
}
